
Microsoft Visual Studio Solution File, Format Version 12.00
# Visual Studio Version 16
VisualStudioVersion = 16.0.31729.503
MinimumVisualStudioVersion = 10.0.40219.1
Project("{8BC9CEB8-8B4A-11D0-8D11-00A0C91BC942}") = "6Lab4SemC++(OOP)", "6Lab4SemC++(OOP)\6Lab4SemC++(OOP).vcxproj", "{CAAD4B91-9E4C-450B-9656-C46488A9E1E7}"
EndProject
Global
	GlobalSection(SolutionConfigurationPlatforms) = preSolution
		Debug|x64 = Debug|x64
		Debug|x86 = Debug|x86
		Release|x64 = Release|x64
		Release|x86 = Release|x86
	EndGlobalSection
	GlobalSection(ProjectConfigurationPlatforms) = postSolution
		{CAAD4B91-9E4C-450B-9656-C46488A9E1E7}.Debug|x64.ActiveCfg = Debug|x64
		{CAAD4B91-9E4C-450B-9656-C46488A9E1E7}.Debug|x64.Build.0 = Debug|x64
		{CAAD4B91-9E4C-450B-9656-C46488A9E1E7}.Debug|x86.ActiveCfg = Debug|Win32
		{CAAD4B91-9E4C-450B-9656-C46488A9E1E7}.Debug|x86.Build.0 = Debug|Win32
		{CAAD4B91-9E4C-450B-9656-C46488A9E1E7}.Release|x64.ActiveCfg = Release|x64
		{CAAD4B91-9E4C-450B-9656-C46488A9E1E7}.Release|x64.Build.0 = Release|x64
		{CAAD4B91-9E4C-450B-9656-C46488A9E1E7}.Release|x86.ActiveCfg = Release|Win32
		{CAAD4B91-9E4C-450B-9656-C46488A9E1E7}.Release|x86.Build.0 = Release|Win32
	EndGlobalSection
	GlobalSection(SolutionProperties) = preSolution
		HideSolutionNode = FALSE
	EndGlobalSection
	GlobalSection(ExtensibilityGlobals) = postSolution
		SolutionGuid = {18F63310-9BED-418A-8CA4-A582AB2CF7FC}
	EndGlobalSection
EndGlobal
