
Microsoft Visual Studio Solution File, Format Version 12.00
# Visual Studio Version 16
VisualStudioVersion = 16.0.31729.503
MinimumVisualStudioVersion = 10.0.40219.1
Project("{8BC9CEB8-8B4A-11D0-8D11-00A0C91BC942}") = "2Lab3SemC++(OOP)2", "2Lab3SemC++(OOP)2\2Lab3SemC++(OOP)2.vcxproj", "{9A7068E3-1180-4A3C-9A67-7715035AA7CC}"
EndProject
Global
	GlobalSection(SolutionConfigurationPlatforms) = preSolution
		Debug|x64 = Debug|x64
		Debug|x86 = Debug|x86
		Release|x64 = Release|x64
		Release|x86 = Release|x86
	EndGlobalSection
	GlobalSection(ProjectConfigurationPlatforms) = postSolution
		{9A7068E3-1180-4A3C-9A67-7715035AA7CC}.Debug|x64.ActiveCfg = Debug|x64
		{9A7068E3-1180-4A3C-9A67-7715035AA7CC}.Debug|x64.Build.0 = Debug|x64
		{9A7068E3-1180-4A3C-9A67-7715035AA7CC}.Debug|x86.ActiveCfg = Debug|Win32
		{9A7068E3-1180-4A3C-9A67-7715035AA7CC}.Debug|x86.Build.0 = Debug|Win32
		{9A7068E3-1180-4A3C-9A67-7715035AA7CC}.Release|x64.ActiveCfg = Release|x64
		{9A7068E3-1180-4A3C-9A67-7715035AA7CC}.Release|x64.Build.0 = Release|x64
		{9A7068E3-1180-4A3C-9A67-7715035AA7CC}.Release|x86.ActiveCfg = Release|Win32
		{9A7068E3-1180-4A3C-9A67-7715035AA7CC}.Release|x86.Build.0 = Release|Win32
	EndGlobalSection
	GlobalSection(SolutionProperties) = preSolution
		HideSolutionNode = FALSE
	EndGlobalSection
	GlobalSection(ExtensibilityGlobals) = postSolution
		SolutionGuid = {2D57FFB5-E101-426E-8AE8-0045116A699C}
	EndGlobalSection
EndGlobal
